
Microsoft Visual Studio Solution File, Format Version 12.00
# Visual Studio Version 17
VisualStudioVersion = 17.6.33712.159
MinimumVisualStudioVersion = 10.0.40219.1
Project("{FAE04EC0-301F-11D3-BF4B-00C04F79EFBC}") = "WPF_COURSE", "WPF_COURSE\WPF_COURSE.csproj", "{53B3BEDB-81F2-4D1C-945B-BE726CBF7B41}"
EndProject
Global
	GlobalSection(SolutionConfigurationPlatforms) = preSolution
		Debug|Any CPU = Debug|Any CPU
		Release|Any CPU = Release|Any CPU
	EndGlobalSection
	GlobalSection(ProjectConfigurationPlatforms) = postSolution
		{53B3BEDB-81F2-4D1C-945B-BE726CBF7B41}.Debug|Any CPU.ActiveCfg = Debug|Any CPU
		{53B3BEDB-81F2-4D1C-945B-BE726CBF7B41}.Debug|Any CPU.Build.0 = Debug|Any CPU
		{53B3BEDB-81F2-4D1C-945B-BE726CBF7B41}.Release|Any CPU.ActiveCfg = Release|Any CPU
		{53B3BEDB-81F2-4D1C-945B-BE726CBF7B41}.Release|Any CPU.Build.0 = Release|Any CPU
	EndGlobalSection
	GlobalSection(SolutionProperties) = preSolution
		HideSolutionNode = FALSE
	EndGlobalSection
	GlobalSection(ExtensibilityGlobals) = postSolution
		SolutionGuid = {D2709559-A228-45C1-B0C9-F510D9F223F9}
	EndGlobalSection
EndGlobal
